// !$*UTF8*$!
{
	archiveVersion = 1;
	classes = {
	};
	objectVersion = 55;
	objects = {

/* Begin PBXBuildFile section */
		E10A33F828A0DAD8003B0343 /* UIImage+Extension.swift in Sources */ = {isa = PBXBuildFile; fileRef = E10A33F728A0DAD8003B0343 /* UIImage+Extension.swift */; };
		E10A33FA28A0E0A3003B0343 /* UIStackView+Extension.swift in Sources */ = {isa = PBXBuildFile; fileRef = E10A33F928A0E0A3003B0343 /* UIStackView+Extension.swift */; };
		E10A340328A111AB003B0343 /* DetailCollectionViewCell.swift in Sources */ = {isa = PBXBuildFile; fileRef = E10A340228A111AB003B0343 /* DetailCollectionViewCell.swift */; };
		E10A340528A111BA003B0343 /* DetailCollectionView.swift in Sources */ = {isa = PBXBuildFile; fileRef = E10A340428A111BA003B0343 /* DetailCollectionView.swift */; };
		E10A340728A111C5003B0343 /* DetailCell.swift in Sources */ = {isa = PBXBuildFile; fileRef = E10A340628A111C5003B0343 /* DetailCell.swift */; };
		E1129B57289E3E1700246013 /* CollectionView.swift in Sources */ = {isa = PBXBuildFile; fileRef = E1129B56289E3E1700246013 /* CollectionView.swift */; };
		E1129B5A289E42E700246013 /* HourlyCollectionViewCell.swift in Sources */ = {isa = PBXBuildFile; fileRef = E1129B59289E42E700246013 /* HourlyCollectionViewCell.swift */; };
		E1129B5C289E48EA00246013 /* HourlyCollectionView.swift in Sources */ = {isa = PBXBuildFile; fileRef = E1129B5B289E48EA00246013 /* HourlyCollectionView.swift */; };
		E1129B5E289E4B7000246013 /* HourlyCell.swift in Sources */ = {isa = PBXBuildFile; fileRef = E1129B5D289E4B7000246013 /* HourlyCell.swift */; };
		E118EB7E289D2EEB00B1F5BF /* HomeHeaderView.swift in Sources */ = {isa = PBXBuildFile; fileRef = E118EB7D289D2EEA00B1F5BF /* HomeHeaderView.swift */; };
		E1236B22289D06EE006865E7 /* AppDelegate.swift in Sources */ = {isa = PBXBuildFile; fileRef = E1236B21289D06EE006865E7 /* AppDelegate.swift */; };
		E1236B24289D06EE006865E7 /* SceneDelegate.swift in Sources */ = {isa = PBXBuildFile; fileRef = E1236B23289D06EE006865E7 /* SceneDelegate.swift */; };
		E12B1F7728AD1E9C00F5CC21 /* SavedLocationTableViewCell.swift in Sources */ = {isa = PBXBuildFile; fileRef = E12B1F7628AD1E9B00F5CC21 /* SavedLocationTableViewCell.swift */; };
		E138BD5428AD2EBC001F7D9B /* OpenWeatherAPI.swift in Sources */ = {isa = PBXBuildFile; fileRef = E138BD5328AD2EBC001F7D9B /* OpenWeatherAPI.swift */; };
		E1455C2028AB4B4700174E13 /* Sequence+Extension.swift in Sources */ = {isa = PBXBuildFile; fileRef = E1455C1F28AB4B4700174E13 /* Sequence+Extension.swift */; };
		E1455C2228AB4E1F00174E13 /* Date+Extension.swift in Sources */ = {isa = PBXBuildFile; fileRef = E1455C2128AB4E1F00174E13 /* Date+Extension.swift */; };
		E1455C2428AB4EF100174E13 /* String+Extension.swift in Sources */ = {isa = PBXBuildFile; fileRef = E1455C2328AB4EF100174E13 /* String+Extension.swift */; };
		E1455C2E28AB54AF00174E13 /* SearchPresenter.swift in Sources */ = {isa = PBXBuildFile; fileRef = E1455C2728AB54AF00174E13 /* SearchPresenter.swift */; };
		E1455C2F28AB54AF00174E13 /* SearchWorker.swift in Sources */ = {isa = PBXBuildFile; fileRef = E1455C2828AB54AF00174E13 /* SearchWorker.swift */; };
		E1455C3028AB54AF00174E13 /* SearchRouter.swift in Sources */ = {isa = PBXBuildFile; fileRef = E1455C2928AB54AF00174E13 /* SearchRouter.swift */; };
		E1455C3128AB54AF00174E13 /* SearchModels.swift in Sources */ = {isa = PBXBuildFile; fileRef = E1455C2A28AB54AF00174E13 /* SearchModels.swift */; };
		E1455C3228AB54AF00174E13 /* SearchViewController.swift in Sources */ = {isa = PBXBuildFile; fileRef = E1455C2B28AB54AF00174E13 /* SearchViewController.swift */; };
		E1455C3328AB54AF00174E13 /* SearchInteractor.swift in Sources */ = {isa = PBXBuildFile; fileRef = E1455C2C28AB54AF00174E13 /* SearchInteractor.swift */; };
		E1455C3628AB8BE800174E13 /* WeatherServiceError.swift in Sources */ = {isa = PBXBuildFile; fileRef = E1455C3528AB8BE700174E13 /* WeatherServiceError.swift */; };
		E1455C3828ABA10000174E13 /* Location.swift in Sources */ = {isa = PBXBuildFile; fileRef = E1455C3728ABA0FF00174E13 /* Location.swift */; };
		E148D96928A2BBCB00505432 /* WeatherResponse.swift in Sources */ = {isa = PBXBuildFile; fileRef = E148D96828A2BBCB00505432 /* WeatherResponse.swift */; };
		E148D96F28A2D2F000505432 /* Realm in Frameworks */ = {isa = PBXBuildFile; productRef = E148D96E28A2D2F000505432 /* Realm */; };
		E148D97128A2D2F000505432 /* RealmSwift in Frameworks */ = {isa = PBXBuildFile; productRef = E148D97028A2D2F000505432 /* RealmSwift */; };
		E148D97328A2D37900505432 /* SavedWeather.swift in Sources */ = {isa = PBXBuildFile; fileRef = E148D97228A2D37900505432 /* SavedWeather.swift */; };
		E148D97728A2D4F200505432 /* RealmManager.swift in Sources */ = {isa = PBXBuildFile; fileRef = E148D97628A2D4F200505432 /* RealmManager.swift */; };
		E15A1D0728A6220C0012A7A7 /* WeatherViewModel.swift in Sources */ = {isa = PBXBuildFile; fileRef = E15A1D0628A6220C0012A7A7 /* WeatherViewModel.swift */; };
		E15A1D0928A622B40012A7A7 /* WeatherDailyViewModel.swift in Sources */ = {isa = PBXBuildFile; fileRef = E15A1D0828A622B40012A7A7 /* WeatherDailyViewModel.swift */; };
		E1635E3F28A11EC800684C41 /* Assets.xcassets in Resources */ = {isa = PBXBuildFile; fileRef = E1236B2A289D06F2006865E7 /* Assets.xcassets */; };
		E1635E4028A11ECE00684C41 /* LaunchScreen.storyboard in Resources */ = {isa = PBXBuildFile; fileRef = E1236B2C289D06F2006865E7 /* LaunchScreen.storyboard */; };
		E1635E4328A13F5300684C41 /* UIColor+Extension.swift in Sources */ = {isa = PBXBuildFile; fileRef = E1635E4228A13F5300684C41 /* UIColor+Extension.swift */; };
		E1693D5428ABDF0E00998C15 /* SavedLocationPresenter.swift in Sources */ = {isa = PBXBuildFile; fileRef = E1693D4D28ABDF0E00998C15 /* SavedLocationPresenter.swift */; };
		E1693D5528ABDF0E00998C15 /* SavedLocationWorker.swift in Sources */ = {isa = PBXBuildFile; fileRef = E1693D4E28ABDF0E00998C15 /* SavedLocationWorker.swift */; };
		E1693D5628ABDF0E00998C15 /* SavedLocationRouter.swift in Sources */ = {isa = PBXBuildFile; fileRef = E1693D4F28ABDF0E00998C15 /* SavedLocationRouter.swift */; };
		E1693D5728ABDF0E00998C15 /* SavedLocationModels.swift in Sources */ = {isa = PBXBuildFile; fileRef = E1693D5028ABDF0E00998C15 /* SavedLocationModels.swift */; };
		E1693D5828ABDF0E00998C15 /* SavedLocationViewController.swift in Sources */ = {isa = PBXBuildFile; fileRef = E1693D5128ABDF0E00998C15 /* SavedLocationViewController.swift */; };
		E1693D5928ABDF0E00998C15 /* SavedLocationInteractor.swift in Sources */ = {isa = PBXBuildFile; fileRef = E1693D5228ABDF0E00998C15 /* SavedLocationInteractor.swift */; };
		E18B6F1428A2855F00DE9D24 /* WeatherServiceProtocol.swift in Sources */ = {isa = PBXBuildFile; fileRef = E18B6F1328A2855F00DE9D24 /* WeatherServiceProtocol.swift */; };
		E1B3FBAA28A62E0D00526D2F /* WeatherPresenter.swift in Sources */ = {isa = PBXBuildFile; fileRef = E1B3FBA328A62E0D00526D2F /* WeatherPresenter.swift */; };
		E1B3FBAB28A62E0D00526D2F /* WeatherWorker.swift in Sources */ = {isa = PBXBuildFile; fileRef = E1B3FBA428A62E0D00526D2F /* WeatherWorker.swift */; };
		E1B3FBAC28A62E0D00526D2F /* WeatherRouter.swift in Sources */ = {isa = PBXBuildFile; fileRef = E1B3FBA528A62E0D00526D2F /* WeatherRouter.swift */; };
		E1B3FBAD28A62E0D00526D2F /* WeatherModels.swift in Sources */ = {isa = PBXBuildFile; fileRef = E1B3FBA628A62E0D00526D2F /* WeatherModels.swift */; };
		E1B3FBAE28A62E0D00526D2F /* WeatherViewController.swift in Sources */ = {isa = PBXBuildFile; fileRef = E1B3FBA728A62E0D00526D2F /* WeatherViewController.swift */; };
		E1B3FBAF28A62E0D00526D2F /* WeatherInteractor.swift in Sources */ = {isa = PBXBuildFile; fileRef = E1B3FBA828A62E0D00526D2F /* WeatherInteractor.swift */; };
		E1B66205289F87110094A268 /* DailyCollectionViewCell.swift in Sources */ = {isa = PBXBuildFile; fileRef = E1B66204289F87110094A268 /* DailyCollectionViewCell.swift */; };
		E1B66207289F8BEF0094A268 /* DailyCollectionView.swift in Sources */ = {isa = PBXBuildFile; fileRef = E1B66206289F8BEF0094A268 /* DailyCollectionView.swift */; };
		E1B66209289F8CA30094A268 /* DailyCell.swift in Sources */ = {isa = PBXBuildFile; fileRef = E1B66208289F8CA30094A268 /* DailyCell.swift */; };
		E1CB78E728A6688200C5CB7C /* WeatherInfoViewModel.swift in Sources */ = {isa = PBXBuildFile; fileRef = E1CB78E628A6688200C5CB7C /* WeatherInfoViewModel.swift */; };
		E1CB889528ACBC5800542877 /* SearchTableViewCell.swift in Sources */ = {isa = PBXBuildFile; fileRef = E1CB889428ACBC5800542877 /* SearchTableViewCell.swift */; };
		E1CB889828ACF63A00542877 /* NavigationController.swift in Sources */ = {isa = PBXBuildFile; fileRef = E1CB889728ACF63A00542877 /* NavigationController.swift */; };
		E1CB889A28ACF79D00542877 /* ViewController.swift in Sources */ = {isa = PBXBuildFile; fileRef = E1CB889928ACF79D00542877 /* ViewController.swift */; };
		E1D9DB4F289E7650003DD603 /* SectionHeader.swift in Sources */ = {isa = PBXBuildFile; fileRef = E1D9DB4E289E7650003DD603 /* SectionHeader.swift */; };
		E1E5D92628A4165F00B9CC1F /* StartViewController.swift in Sources */ = {isa = PBXBuildFile; fileRef = E1E5D92528A4165F00B9CC1F /* StartViewController.swift */; };
/* End PBXBuildFile section */

/* Begin PBXFileReference section */
		E10A33F728A0DAD8003B0343 /* UIImage+Extension.swift */ = {isa = PBXFileReference; lastKnownFileType = sourcecode.swift; path = "UIImage+Extension.swift"; sourceTree = "<group>"; };
		E10A33F928A0E0A3003B0343 /* UIStackView+Extension.swift */ = {isa = PBXFileReference; lastKnownFileType = sourcecode.swift; path = "UIStackView+Extension.swift"; sourceTree = "<group>"; };
		E10A340228A111AB003B0343 /* DetailCollectionViewCell.swift */ = {isa = PBXFileReference; lastKnownFileType = sourcecode.swift; path = DetailCollectionViewCell.swift; sourceTree = "<group>"; };
		E10A340428A111BA003B0343 /* DetailCollectionView.swift */ = {isa = PBXFileReference; lastKnownFileType = sourcecode.swift; path = DetailCollectionView.swift; sourceTree = "<group>"; };
		E10A340628A111C5003B0343 /* DetailCell.swift */ = {isa = PBXFileReference; lastKnownFileType = sourcecode.swift; path = DetailCell.swift; sourceTree = "<group>"; };
		E1129B56289E3E1700246013 /* CollectionView.swift */ = {isa = PBXFileReference; lastKnownFileType = sourcecode.swift; path = CollectionView.swift; sourceTree = "<group>"; };
		E1129B59289E42E700246013 /* HourlyCollectionViewCell.swift */ = {isa = PBXFileReference; lastKnownFileType = sourcecode.swift; path = HourlyCollectionViewCell.swift; sourceTree = "<group>"; };
		E1129B5B289E48EA00246013 /* HourlyCollectionView.swift */ = {isa = PBXFileReference; lastKnownFileType = sourcecode.swift; path = HourlyCollectionView.swift; sourceTree = "<group>"; };
		E1129B5D289E4B7000246013 /* HourlyCell.swift */ = {isa = PBXFileReference; lastKnownFileType = sourcecode.swift; path = HourlyCell.swift; sourceTree = "<group>"; };
		E118EB7D289D2EEA00B1F5BF /* HomeHeaderView.swift */ = {isa = PBXFileReference; lastKnownFileType = sourcecode.swift; path = HomeHeaderView.swift; sourceTree = "<group>"; };
		E1236B1E289D06EE006865E7 /* Weather-Test-App.app */ = {isa = PBXFileReference; explicitFileType = wrapper.application; includeInIndex = 0; path = "Weather-Test-App.app"; sourceTree = BUILT_PRODUCTS_DIR; };
		E1236B21289D06EE006865E7 /* AppDelegate.swift */ = {isa = PBXFileReference; lastKnownFileType = sourcecode.swift; path = AppDelegate.swift; sourceTree = "<group>"; };
		E1236B23289D06EE006865E7 /* SceneDelegate.swift */ = {isa = PBXFileReference; lastKnownFileType = sourcecode.swift; path = SceneDelegate.swift; sourceTree = "<group>"; };
		E1236B2A289D06F2006865E7 /* Assets.xcassets */ = {isa = PBXFileReference; lastKnownFileType = folder.assetcatalog; path = Assets.xcassets; sourceTree = "<group>"; };
		E1236B2D289D06F2006865E7 /* Base */ = {isa = PBXFileReference; lastKnownFileType = file.storyboard; name = Base; path = Base.lproj/LaunchScreen.storyboard; sourceTree = "<group>"; };
		E1236B2F289D06F2006865E7 /* Info.plist */ = {isa = PBXFileReference; lastKnownFileType = text.plist.xml; path = Info.plist; sourceTree = "<group>"; };
		E12B1F7628AD1E9B00F5CC21 /* SavedLocationTableViewCell.swift */ = {isa = PBXFileReference; lastKnownFileType = sourcecode.swift; path = SavedLocationTableViewCell.swift; sourceTree = "<group>"; };
		E138BD5328AD2EBC001F7D9B /* OpenWeatherAPI.swift */ = {isa = PBXFileReference; lastKnownFileType = sourcecode.swift; path = OpenWeatherAPI.swift; sourceTree = "<group>"; };
		E1455C1F28AB4B4700174E13 /* Sequence+Extension.swift */ = {isa = PBXFileReference; lastKnownFileType = sourcecode.swift; path = "Sequence+Extension.swift"; sourceTree = "<group>"; };
		E1455C2128AB4E1F00174E13 /* Date+Extension.swift */ = {isa = PBXFileReference; lastKnownFileType = sourcecode.swift; path = "Date+Extension.swift"; sourceTree = "<group>"; };
		E1455C2328AB4EF100174E13 /* String+Extension.swift */ = {isa = PBXFileReference; lastKnownFileType = sourcecode.swift; path = "String+Extension.swift"; sourceTree = "<group>"; };
		E1455C2728AB54AF00174E13 /* SearchPresenter.swift */ = {isa = PBXFileReference; lastKnownFileType = sourcecode.swift; path = SearchPresenter.swift; sourceTree = "<group>"; };
		E1455C2828AB54AF00174E13 /* SearchWorker.swift */ = {isa = PBXFileReference; lastKnownFileType = sourcecode.swift; path = SearchWorker.swift; sourceTree = "<group>"; };
		E1455C2928AB54AF00174E13 /* SearchRouter.swift */ = {isa = PBXFileReference; lastKnownFileType = sourcecode.swift; path = SearchRouter.swift; sourceTree = "<group>"; };
		E1455C2A28AB54AF00174E13 /* SearchModels.swift */ = {isa = PBXFileReference; lastKnownFileType = sourcecode.swift; path = SearchModels.swift; sourceTree = "<group>"; };
		E1455C2B28AB54AF00174E13 /* SearchViewController.swift */ = {isa = PBXFileReference; lastKnownFileType = sourcecode.swift; path = SearchViewController.swift; sourceTree = "<group>"; };
		E1455C2C28AB54AF00174E13 /* SearchInteractor.swift */ = {isa = PBXFileReference; lastKnownFileType = sourcecode.swift; path = SearchInteractor.swift; sourceTree = "<group>"; };
		E1455C3528AB8BE700174E13 /* WeatherServiceError.swift */ = {isa = PBXFileReference; lastKnownFileType = sourcecode.swift; path = WeatherServiceError.swift; sourceTree = "<group>"; };
		E1455C3728ABA0FF00174E13 /* Location.swift */ = {isa = PBXFileReference; lastKnownFileType = sourcecode.swift; path = Location.swift; sourceTree = "<group>"; };
		E148D96828A2BBCB00505432 /* WeatherResponse.swift */ = {isa = PBXFileReference; lastKnownFileType = sourcecode.swift; path = WeatherResponse.swift; sourceTree = "<group>"; };
		E148D97228A2D37900505432 /* SavedWeather.swift */ = {isa = PBXFileReference; lastKnownFileType = sourcecode.swift; path = SavedWeather.swift; sourceTree = "<group>"; };
		E148D97628A2D4F200505432 /* RealmManager.swift */ = {isa = PBXFileReference; lastKnownFileType = sourcecode.swift; path = RealmManager.swift; sourceTree = "<group>"; };
		E15A1D0628A6220C0012A7A7 /* WeatherViewModel.swift */ = {isa = PBXFileReference; lastKnownFileType = sourcecode.swift; path = WeatherViewModel.swift; sourceTree = "<group>"; };
		E15A1D0828A622B40012A7A7 /* WeatherDailyViewModel.swift */ = {isa = PBXFileReference; lastKnownFileType = sourcecode.swift; path = WeatherDailyViewModel.swift; sourceTree = "<group>"; };
		E1635E4228A13F5300684C41 /* UIColor+Extension.swift */ = {isa = PBXFileReference; lastKnownFileType = sourcecode.swift; path = "UIColor+Extension.swift"; sourceTree = "<group>"; };
		E1693D4D28ABDF0E00998C15 /* SavedLocationPresenter.swift */ = {isa = PBXFileReference; lastKnownFileType = sourcecode.swift; path = SavedLocationPresenter.swift; sourceTree = "<group>"; };
		E1693D4E28ABDF0E00998C15 /* SavedLocationWorker.swift */ = {isa = PBXFileReference; lastKnownFileType = sourcecode.swift; path = SavedLocationWorker.swift; sourceTree = "<group>"; };
		E1693D4F28ABDF0E00998C15 /* SavedLocationRouter.swift */ = {isa = PBXFileReference; lastKnownFileType = sourcecode.swift; path = SavedLocationRouter.swift; sourceTree = "<group>"; };
		E1693D5028ABDF0E00998C15 /* SavedLocationModels.swift */ = {isa = PBXFileReference; lastKnownFileType = sourcecode.swift; path = SavedLocationModels.swift; sourceTree = "<group>"; };
		E1693D5128ABDF0E00998C15 /* SavedLocationViewController.swift */ = {isa = PBXFileReference; lastKnownFileType = sourcecode.swift; path = SavedLocationViewController.swift; sourceTree = "<group>"; };
		E1693D5228ABDF0E00998C15 /* SavedLocationInteractor.swift */ = {isa = PBXFileReference; lastKnownFileType = sourcecode.swift; path = SavedLocationInteractor.swift; sourceTree = "<group>"; };
		E18B6F1328A2855F00DE9D24 /* WeatherServiceProtocol.swift */ = {isa = PBXFileReference; lastKnownFileType = sourcecode.swift; path = WeatherServiceProtocol.swift; sourceTree = "<group>"; };
		E1B3FBA328A62E0D00526D2F /* WeatherPresenter.swift */ = {isa = PBXFileReference; lastKnownFileType = sourcecode.swift; path = WeatherPresenter.swift; sourceTree = "<group>"; };
		E1B3FBA428A62E0D00526D2F /* WeatherWorker.swift */ = {isa = PBXFileReference; lastKnownFileType = sourcecode.swift; path = WeatherWorker.swift; sourceTree = "<group>"; };
		E1B3FBA528A62E0D00526D2F /* WeatherRouter.swift */ = {isa = PBXFileReference; lastKnownFileType = sourcecode.swift; path = WeatherRouter.swift; sourceTree = "<group>"; };
		E1B3FBA628A62E0D00526D2F /* WeatherModels.swift */ = {isa = PBXFileReference; lastKnownFileType = sourcecode.swift; path = WeatherModels.swift; sourceTree = "<group>"; };
		E1B3FBA728A62E0D00526D2F /* WeatherViewController.swift */ = {isa = PBXFileReference; lastKnownFileType = sourcecode.swift; path = WeatherViewController.swift; sourceTree = "<group>"; };
		E1B3FBA828A62E0D00526D2F /* WeatherInteractor.swift */ = {isa = PBXFileReference; lastKnownFileType = sourcecode.swift; path = WeatherInteractor.swift; sourceTree = "<group>"; };
		E1B66204289F87110094A268 /* DailyCollectionViewCell.swift */ = {isa = PBXFileReference; lastKnownFileType = sourcecode.swift; path = DailyCollectionViewCell.swift; sourceTree = "<group>"; };
		E1B66206289F8BEF0094A268 /* DailyCollectionView.swift */ = {isa = PBXFileReference; lastKnownFileType = sourcecode.swift; path = DailyCollectionView.swift; sourceTree = "<group>"; };
		E1B66208289F8CA30094A268 /* DailyCell.swift */ = {isa = PBXFileReference; lastKnownFileType = sourcecode.swift; path = DailyCell.swift; sourceTree = "<group>"; };
		E1CB78E628A6688200C5CB7C /* WeatherInfoViewModel.swift */ = {isa = PBXFileReference; lastKnownFileType = sourcecode.swift; path = WeatherInfoViewModel.swift; sourceTree = "<group>"; };
		E1CB889428ACBC5800542877 /* SearchTableViewCell.swift */ = {isa = PBXFileReference; lastKnownFileType = sourcecode.swift; path = SearchTableViewCell.swift; sourceTree = "<group>"; };
		E1CB889728ACF63A00542877 /* NavigationController.swift */ = {isa = PBXFileReference; lastKnownFileType = sourcecode.swift; path = NavigationController.swift; sourceTree = "<group>"; };
		E1CB889928ACF79D00542877 /* ViewController.swift */ = {isa = PBXFileReference; lastKnownFileType = sourcecode.swift; path = ViewController.swift; sourceTree = "<group>"; };
		E1D9DB4E289E7650003DD603 /* SectionHeader.swift */ = {isa = PBXFileReference; lastKnownFileType = sourcecode.swift; path = SectionHeader.swift; sourceTree = "<group>"; };
		E1E5D92528A4165F00B9CC1F /* StartViewController.swift */ = {isa = PBXFileReference; lastKnownFileType = sourcecode.swift; path = StartViewController.swift; sourceTree = "<group>"; };
/* End PBXFileReference section */

/* Begin PBXFrameworksBuildPhase section */
		E1236B1B289D06ED006865E7 /* Frameworks */ = {
			isa = PBXFrameworksBuildPhase;
			buildActionMask = 2147483647;
			files = (
				E148D97128A2D2F000505432 /* RealmSwift in Frameworks */,
				E148D96F28A2D2F000505432 /* Realm in Frameworks */,
			);
			runOnlyForDeploymentPostprocessing = 0;
		};
/* End PBXFrameworksBuildPhase section */

/* Begin PBXGroup section */
		E10A33F628A0DAA0003B0343 /* Extensions */ = {
			isa = PBXGroup;
			children = (
				E1455C1E28AB4B2D00174E13 /* Swift */,
				E1B3FBB228A6557900526D2F /* UIKit */,
			);
			path = Extensions;
			sourceTree = "<group>";
		};
		E10A340128A11184003B0343 /* DetailInfoCell */ = {
			isa = PBXGroup;
			children = (
				E10A340228A111AB003B0343 /* DetailCollectionViewCell.swift */,
				E10A340428A111BA003B0343 /* DetailCollectionView.swift */,
				E10A340628A111C5003B0343 /* DetailCell.swift */,
			);
			path = DetailInfoCell;
			sourceTree = "<group>";
		};
		E1129B54289E375C00246013 /* HeaderView */ = {
			isa = PBXGroup;
			children = (
				E118EB7D289D2EEA00B1F5BF /* HomeHeaderView.swift */,
			);
			path = HeaderView;
			sourceTree = "<group>";
		};
		E1129B55289E376400246013 /* CollectionView */ = {
			isa = PBXGroup;
			children = (
				E1129B58289E3EB300246013 /* Cells */,
				E1129B56289E3E1700246013 /* CollectionView.swift */,
				E1D9DB4E289E7650003DD603 /* SectionHeader.swift */,
			);
			path = CollectionView;
			sourceTree = "<group>";
		};
		E1129B58289E3EB300246013 /* Cells */ = {
			isa = PBXGroup;
			children = (
				E10A340128A11184003B0343 /* DetailInfoCell */,
				E1D9DB4D289E74EE003DD603 /* HourlyCell */,
				E1D9DB50289E7ACB003DD603 /* DailyCell */,
			);
			path = Cells;
			sourceTree = "<group>";
		};
		E1236B15289D06ED006865E7 = {
			isa = PBXGroup;
			children = (
				E1236B20289D06EE006865E7 /* Weather-Test-App */,
				E1236B1F289D06EE006865E7 /* Products */,
			);
			sourceTree = "<group>";
		};
		E1236B1F289D06EE006865E7 /* Products */ = {
			isa = PBXGroup;
			children = (
				E1236B1E289D06EE006865E7 /* Weather-Test-App.app */,
			);
			name = Products;
			sourceTree = "<group>";
		};
		E1236B20289D06EE006865E7 /* Weather-Test-App */ = {
			isa = PBXGroup;
			children = (
				E138BD5228AD2E8C001F7D9B /* API */,
				E1CB889628ACF5D000542877 /* Helpers */,
				E1B3FBA128A62DE300526D2F /* Scenes */,
				E148D97428A2D4C800505432 /* Managers */,
				E148D96728A2BBBC00505432 /* Models */,
				E18B6F1228A2853600DE9D24 /* Services */,
				E10A33F628A0DAA0003B0343 /* Extensions */,
				E1236B21289D06EE006865E7 /* AppDelegate.swift */,
				E1236B23289D06EE006865E7 /* SceneDelegate.swift */,
				E1236B2A289D06F2006865E7 /* Assets.xcassets */,
				E1236B2C289D06F2006865E7 /* LaunchScreen.storyboard */,
				E1236B2F289D06F2006865E7 /* Info.plist */,
			);
			path = "Weather-Test-App";
			sourceTree = "<group>";
		};
		E12B1F7428AD1E1900F5CC21 /* Views */ = {
			isa = PBXGroup;
			children = (
				E12B1F7528AD1E3A00F5CC21 /* Cells */,
			);
			path = Views;
			sourceTree = "<group>";
		};
		E12B1F7528AD1E3A00F5CC21 /* Cells */ = {
			isa = PBXGroup;
			children = (
				E12B1F7628AD1E9B00F5CC21 /* SavedLocationTableViewCell.swift */,
			);
			path = Cells;
			sourceTree = "<group>";
		};
		E138BD5228AD2E8C001F7D9B /* API */ = {
			isa = PBXGroup;
			children = (
				E138BD5328AD2EBC001F7D9B /* OpenWeatherAPI.swift */,
			);
			path = API;
			sourceTree = "<group>";
		};
		E1455C1E28AB4B2D00174E13 /* Swift */ = {
			isa = PBXGroup;
			children = (
				E1455C1F28AB4B4700174E13 /* Sequence+Extension.swift */,
				E1455C2128AB4E1F00174E13 /* Date+Extension.swift */,
				E1455C2328AB4EF100174E13 /* String+Extension.swift */,
			);
			path = Swift;
			sourceTree = "<group>";
		};
		E1455C2628AB51F700174E13 /* Search */ = {
			isa = PBXGroup;
			children = (
				E1CB889228ACBC1A00542877 /* Views */,
				E1455C2728AB54AF00174E13 /* SearchPresenter.swift */,
				E1455C2828AB54AF00174E13 /* SearchWorker.swift */,
				E1455C2928AB54AF00174E13 /* SearchRouter.swift */,
				E1455C2A28AB54AF00174E13 /* SearchModels.swift */,
				E1455C2B28AB54AF00174E13 /* SearchViewController.swift */,
				E1455C2C28AB54AF00174E13 /* SearchInteractor.swift */,
			);
			path = Search;
			sourceTree = "<group>";
		};
		E148D96728A2BBBC00505432 /* Models */ = {
			isa = PBXGroup;
			children = (
				E148D96828A2BBCB00505432 /* WeatherResponse.swift */,
				E148D97228A2D37900505432 /* SavedWeather.swift */,
				E1455C3728ABA0FF00174E13 /* Location.swift */,
			);
			path = Models;
			sourceTree = "<group>";
		};
		E148D97428A2D4C800505432 /* Managers */ = {
			isa = PBXGroup;
			children = (
				E148D97528A2D4D300505432 /* RealmManager */,
			);
			path = Managers;
			sourceTree = "<group>";
		};
		E148D97528A2D4D300505432 /* RealmManager */ = {
			isa = PBXGroup;
			children = (
				E148D97628A2D4F200505432 /* RealmManager.swift */,
			);
			path = RealmManager;
			sourceTree = "<group>";
		};
		E15A1D0528A621EF0012A7A7 /* ViewModels */ = {
			isa = PBXGroup;
			children = (
				E15A1D0628A6220C0012A7A7 /* WeatherViewModel.swift */,
				E15A1D0828A622B40012A7A7 /* WeatherDailyViewModel.swift */,
				E1CB78E628A6688200C5CB7C /* WeatherInfoViewModel.swift */,
			);
			path = ViewModels;
			sourceTree = "<group>";
		};
		E1693D4C28ABDECD00998C15 /* SavedLocation */ = {
			isa = PBXGroup;
			children = (
				E12B1F7428AD1E1900F5CC21 /* Views */,
				E1693D4D28ABDF0E00998C15 /* SavedLocationPresenter.swift */,
				E1693D4E28ABDF0E00998C15 /* SavedLocationWorker.swift */,
				E1693D4F28ABDF0E00998C15 /* SavedLocationRouter.swift */,
				E1693D5028ABDF0E00998C15 /* SavedLocationModels.swift */,
				E1693D5128ABDF0E00998C15 /* SavedLocationViewController.swift */,
				E1693D5228ABDF0E00998C15 /* SavedLocationInteractor.swift */,
			);
			path = SavedLocation;
			sourceTree = "<group>";
		};
		E18B6F1228A2853600DE9D24 /* Services */ = {
			isa = PBXGroup;
			children = (
				E18B6F1328A2855F00DE9D24 /* WeatherServiceProtocol.swift */,
				E1455C3528AB8BE700174E13 /* WeatherServiceError.swift */,
			);
			path = Services;
			sourceTree = "<group>";
		};
		E1B3FBA128A62DE300526D2F /* Scenes */ = {
			isa = PBXGroup;
			children = (
				E1B3FBB128A633AD00526D2F /* Start */,
				E1B3FBA228A62DEB00526D2F /* Weather */,
				E1455C2628AB51F700174E13 /* Search */,
				E1693D4C28ABDECD00998C15 /* SavedLocation */,
			);
			path = Scenes;
			sourceTree = "<group>";
		};
		E1B3FBA228A62DEB00526D2F /* Weather */ = {
			isa = PBXGroup;
			children = (
				E15A1D0528A621EF0012A7A7 /* ViewModels */,
				E1B9CA86289D7EC90068A5D4 /* Views */,
				E1B3FBA328A62E0D00526D2F /* WeatherPresenter.swift */,
				E1B3FBA428A62E0D00526D2F /* WeatherWorker.swift */,
				E1B3FBA528A62E0D00526D2F /* WeatherRouter.swift */,
				E1B3FBA628A62E0D00526D2F /* WeatherModels.swift */,
				E1B3FBA728A62E0D00526D2F /* WeatherViewController.swift */,
				E1B3FBA828A62E0D00526D2F /* WeatherInteractor.swift */,
			);
			path = Weather;
			sourceTree = "<group>";
		};
		E1B3FBB128A633AD00526D2F /* Start */ = {
			isa = PBXGroup;
			children = (
				E1E5D92528A4165F00B9CC1F /* StartViewController.swift */,
			);
			path = Start;
			sourceTree = "<group>";
		};
		E1B3FBB228A6557900526D2F /* UIKit */ = {
			isa = PBXGroup;
			children = (
				E10A33F728A0DAD8003B0343 /* UIImage+Extension.swift */,
				E10A33F928A0E0A3003B0343 /* UIStackView+Extension.swift */,
				E1635E4228A13F5300684C41 /* UIColor+Extension.swift */,
			);
			path = UIKit;
			sourceTree = "<group>";
		};
		E1B9CA86289D7EC90068A5D4 /* Views */ = {
			isa = PBXGroup;
			children = (
				E1129B55289E376400246013 /* CollectionView */,
				E1129B54289E375C00246013 /* HeaderView */,
			);
			path = Views;
			sourceTree = "<group>";
		};
		E1CB889228ACBC1A00542877 /* Views */ = {
			isa = PBXGroup;
			children = (
				E1CB889328ACBC4400542877 /* Cells */,
			);
			path = Views;
			sourceTree = "<group>";
		};
		E1CB889328ACBC4400542877 /* Cells */ = {
			isa = PBXGroup;
			children = (
				E1CB889428ACBC5800542877 /* SearchTableViewCell.swift */,
			);
			path = Cells;
			sourceTree = "<group>";
		};
		E1CB889628ACF5D000542877 /* Helpers */ = {
			isa = PBXGroup;
			children = (
				E1CB889728ACF63A00542877 /* NavigationController.swift */,
				E1CB889928ACF79D00542877 /* ViewController.swift */,
			);
			path = Helpers;
			sourceTree = "<group>";
		};
		E1D9DB4D289E74EE003DD603 /* HourlyCell */ = {
			isa = PBXGroup;
			children = (
				E1129B59289E42E700246013 /* HourlyCollectionViewCell.swift */,
				E1129B5B289E48EA00246013 /* HourlyCollectionView.swift */,
				E1129B5D289E4B7000246013 /* HourlyCell.swift */,
			);
			path = HourlyCell;
			sourceTree = "<group>";
		};
		E1D9DB50289E7ACB003DD603 /* DailyCell */ = {
			isa = PBXGroup;
			children = (
				E1B66204289F87110094A268 /* DailyCollectionViewCell.swift */,
				E1B66206289F8BEF0094A268 /* DailyCollectionView.swift */,
				E1B66208289F8CA30094A268 /* DailyCell.swift */,
			);
			path = DailyCell;
			sourceTree = "<group>";
		};
/* End PBXGroup section */

/* Begin PBXNativeTarget section */
		E1236B1D289D06ED006865E7 /* Weather-Test-App */ = {
			isa = PBXNativeTarget;
			buildConfigurationList = E1236B32289D06F2006865E7 /* Build configuration list for PBXNativeTarget "Weather-Test-App" */;
			buildPhases = (
				E1236B1A289D06ED006865E7 /* Sources */,
				E1236B1B289D06ED006865E7 /* Frameworks */,
				E1236B1C289D06ED006865E7 /* Resources */,
			);
			buildRules = (
			);
			dependencies = (
			);
			name = "Weather-Test-App";
			packageProductDependencies = (
				E148D96E28A2D2F000505432 /* Realm */,
				E148D97028A2D2F000505432 /* RealmSwift */,
			);
			productName = "Weather-Test-App";
			productReference = E1236B1E289D06EE006865E7 /* Weather-Test-App.app */;
			productType = "com.apple.product-type.application";
		};
/* End PBXNativeTarget section */

/* Begin PBXProject section */
		E1236B16289D06ED006865E7 /* Project object */ = {
			isa = PBXProject;
			attributes = {
				BuildIndependentTargetsInParallel = 1;
				LastSwiftUpdateCheck = 1320;
				LastUpgradeCheck = 1320;
				TargetAttributes = {
					E1236B1D289D06ED006865E7 = {
						CreatedOnToolsVersion = 13.2;
					};
				};
			};
			buildConfigurationList = E1236B19289D06ED006865E7 /* Build configuration list for PBXProject "Weather-Test-App" */;
			compatibilityVersion = "Xcode 13.0";
			developmentRegion = en;
			hasScannedForEncodings = 0;
			knownRegions = (
				en,
				Base,
			);
			mainGroup = E1236B15289D06ED006865E7;
			packageReferences = (
				E148D96D28A2D2F000505432 /* XCRemoteSwiftPackageReference "realm-swift" */,
			);
			productRefGroup = E1236B1F289D06EE006865E7 /* Products */;
			projectDirPath = "";
			projectRoot = "";
			targets = (
				E1236B1D289D06ED006865E7 /* Weather-Test-App */,
			);
		};
/* End PBXProject section */

/* Begin PBXResourcesBuildPhase section */
		E1236B1C289D06ED006865E7 /* Resources */ = {
			isa = PBXResourcesBuildPhase;
			buildActionMask = 2147483647;
			files = (
				E1635E4028A11ECE00684C41 /* LaunchScreen.storyboard in Resources */,
				E1635E3F28A11EC800684C41 /* Assets.xcassets in Resources */,
			);
			runOnlyForDeploymentPostprocessing = 0;
		};
/* End PBXResourcesBuildPhase section */

/* Begin PBXSourcesBuildPhase section */
		E1236B1A289D06ED006865E7 /* Sources */ = {
			isa = PBXSourcesBuildPhase;
			buildActionMask = 2147483647;
			files = (
				E1455C3628AB8BE800174E13 /* WeatherServiceError.swift in Sources */,
				E1B3FBAA28A62E0D00526D2F /* WeatherPresenter.swift in Sources */,
				E148D96928A2BBCB00505432 /* WeatherResponse.swift in Sources */,
				E1129B57289E3E1700246013 /* CollectionView.swift in Sources */,
				E1635E4328A13F5300684C41 /* UIColor+Extension.swift in Sources */,
				E1E5D92628A4165F00B9CC1F /* StartViewController.swift in Sources */,
				E138BD5428AD2EBC001F7D9B /* OpenWeatherAPI.swift in Sources */,
				E10A340728A111C5003B0343 /* DetailCell.swift in Sources */,
				E1CB889828ACF63A00542877 /* NavigationController.swift in Sources */,
				E1455C3328AB54AF00174E13 /* SearchInteractor.swift in Sources */,
				E1CB889A28ACF79D00542877 /* ViewController.swift in Sources */,
				E1129B5C289E48EA00246013 /* HourlyCollectionView.swift in Sources */,
				E118EB7E289D2EEB00B1F5BF /* HomeHeaderView.swift in Sources */,
				E10A340528A111BA003B0343 /* DetailCollectionView.swift in Sources */,
				E15A1D0728A6220C0012A7A7 /* WeatherViewModel.swift in Sources */,
				E1236B22289D06EE006865E7 /* AppDelegate.swift in Sources */,
				E1455C3028AB54AF00174E13 /* SearchRouter.swift in Sources */,
				E1236B24289D06EE006865E7 /* SceneDelegate.swift in Sources */,
				E1129B5E289E4B7000246013 /* HourlyCell.swift in Sources */,
				E1B3FBAD28A62E0D00526D2F /* WeatherModels.swift in Sources */,
				E1B66205289F87110094A268 /* DailyCollectionViewCell.swift in Sources */,
				E1B3FBAC28A62E0D00526D2F /* WeatherRouter.swift in Sources */,
				E1693D5828ABDF0E00998C15 /* SavedLocationViewController.swift in Sources */,
				E1455C2228AB4E1F00174E13 /* Date+Extension.swift in Sources */,
				E1B3FBAE28A62E0D00526D2F /* WeatherViewController.swift in Sources */,
				E10A340328A111AB003B0343 /* DetailCollectionViewCell.swift in Sources */,
				E148D97328A2D37900505432 /* SavedWeather.swift in Sources */,
				E10A33F828A0DAD8003B0343 /* UIImage+Extension.swift in Sources */,
				E1693D5628ABDF0E00998C15 /* SavedLocationRouter.swift in Sources */,
				E1B66207289F8BEF0094A268 /* DailyCollectionView.swift in Sources */,
				E1B3FBAF28A62E0D00526D2F /* WeatherInteractor.swift in Sources */,
				E148D97728A2D4F200505432 /* RealmManager.swift in Sources */,
				E18B6F1428A2855F00DE9D24 /* WeatherServiceProtocol.swift in Sources */,
				E1455C2F28AB54AF00174E13 /* SearchWorker.swift in Sources */,
				E12B1F7728AD1E9C00F5CC21 /* SavedLocationTableViewCell.swift in Sources */,
				E1693D5928ABDF0E00998C15 /* SavedLocationInteractor.swift in Sources */,
				E1455C3228AB54AF00174E13 /* SearchViewController.swift in Sources */,
				E1693D5428ABDF0E00998C15 /* SavedLocationPresenter.swift in Sources */,
				E1B66209289F8CA30094A268 /* DailyCell.swift in Sources */,
				E15A1D0928A622B40012A7A7 /* WeatherDailyViewModel.swift in Sources */,
				E1CB78E728A6688200C5CB7C /* WeatherInfoViewModel.swift in Sources */,
				E1129B5A289E42E700246013 /* HourlyCollectionViewCell.swift in Sources */,
				E1455C3828ABA10000174E13 /* Location.swift in Sources */,
				E1D9DB4F289E7650003DD603 /* SectionHeader.swift in Sources */,
				E1455C2028AB4B4700174E13 /* Sequence+Extension.swift in Sources */,
				E1693D5528ABDF0E00998C15 /* SavedLocationWorker.swift in Sources */,
				E1455C2428AB4EF100174E13 /* String+Extension.swift in Sources */,
				E10A33FA28A0E0A3003B0343 /* UIStackView+Extension.swift in Sources */,
				E1455C2E28AB54AF00174E13 /* SearchPresenter.swift in Sources */,
				E1B3FBAB28A62E0D00526D2F /* WeatherWorker.swift in Sources */,
				E1693D5728ABDF0E00998C15 /* SavedLocationModels.swift in Sources */,
				E1455C3128AB54AF00174E13 /* SearchModels.swift in Sources */,
				E1CB889528ACBC5800542877 /* SearchTableViewCell.swift in Sources */,
			);
			runOnlyForDeploymentPostprocessing = 0;
		};
/* End PBXSourcesBuildPhase section */

/* Begin PBXVariantGroup section */
		E1236B2C289D06F2006865E7 /* LaunchScreen.storyboard */ = {
			isa = PBXVariantGroup;
			children = (
				E1236B2D289D06F2006865E7 /* Base */,
			);
			name = LaunchScreen.storyboard;
			sourceTree = "<group>";
		};
/* End PBXVariantGroup section */

/* Begin XCBuildConfiguration section */
		E1236B30289D06F2006865E7 /* Debug */ = {
			isa = XCBuildConfiguration;
			buildSettings = {
				ALWAYS_SEARCH_USER_PATHS = NO;
				CLANG_ANALYZER_NONNULL = YES;
				CLANG_ANALYZER_NUMBER_OBJECT_CONVERSION = YES_AGGRESSIVE;
				CLANG_CXX_LANGUAGE_STANDARD = "gnu++17";
				CLANG_CXX_LIBRARY = "libc++";
				CLANG_ENABLE_MODULES = YES;
				CLANG_ENABLE_OBJC_ARC = YES;
				CLANG_ENABLE_OBJC_WEAK = YES;
				CLANG_WARN_BLOCK_CAPTURE_AUTORELEASING = YES;
				CLANG_WARN_BOOL_CONVERSION = YES;
				CLANG_WARN_COMMA = YES;
				CLANG_WARN_CONSTANT_CONVERSION = YES;
				CLANG_WARN_DEPRECATED_OBJC_IMPLEMENTATIONS = YES;
				CLANG_WARN_DIRECT_OBJC_ISA_USAGE = YES_ERROR;
				CLANG_WARN_DOCUMENTATION_COMMENTS = YES;
				CLANG_WARN_EMPTY_BODY = YES;
				CLANG_WARN_ENUM_CONVERSION = YES;
				CLANG_WARN_INFINITE_RECURSION = YES;
				CLANG_WARN_INT_CONVERSION = YES;
				CLANG_WARN_NON_LITERAL_NULL_CONVERSION = YES;
				CLANG_WARN_OBJC_IMPLICIT_RETAIN_SELF = YES;
				CLANG_WARN_OBJC_LITERAL_CONVERSION = YES;
				CLANG_WARN_OBJC_ROOT_CLASS = YES_ERROR;
				CLANG_WARN_QUOTED_INCLUDE_IN_FRAMEWORK_HEADER = YES;
				CLANG_WARN_RANGE_LOOP_ANALYSIS = YES;
				CLANG_WARN_STRICT_PROTOTYPES = YES;
				CLANG_WARN_SUSPICIOUS_MOVE = YES;
				CLANG_WARN_UNGUARDED_AVAILABILITY = YES_AGGRESSIVE;
				CLANG_WARN_UNREACHABLE_CODE = YES;
				CLANG_WARN__DUPLICATE_METHOD_MATCH = YES;
				COPY_PHASE_STRIP = NO;
				DEBUG_INFORMATION_FORMAT = dwarf;
				ENABLE_STRICT_OBJC_MSGSEND = YES;
				ENABLE_TESTABILITY = YES;
				GCC_C_LANGUAGE_STANDARD = gnu11;
				GCC_DYNAMIC_NO_PIC = NO;
				GCC_NO_COMMON_BLOCKS = YES;
				GCC_OPTIMIZATION_LEVEL = 0;
				GCC_PREPROCESSOR_DEFINITIONS = (
					"DEBUG=1",
					"$(inherited)",
				);
				GCC_WARN_64_TO_32_BIT_CONVERSION = YES;
				GCC_WARN_ABOUT_RETURN_TYPE = YES_ERROR;
				GCC_WARN_UNDECLARED_SELECTOR = YES;
				GCC_WARN_UNINITIALIZED_AUTOS = YES_AGGRESSIVE;
				GCC_WARN_UNUSED_FUNCTION = YES;
				GCC_WARN_UNUSED_VARIABLE = YES;
				IPHONEOS_DEPLOYMENT_TARGET = 13.0;
				MTL_ENABLE_DEBUG_INFO = INCLUDE_SOURCE;
				MTL_FAST_MATH = YES;
				ONLY_ACTIVE_ARCH = YES;
				SDKROOT = iphoneos;
				SWIFT_ACTIVE_COMPILATION_CONDITIONS = DEBUG;
				SWIFT_OPTIMIZATION_LEVEL = "-Onone";
			};
			name = Debug;
		};
		E1236B31289D06F2006865E7 /* Release */ = {
			isa = XCBuildConfiguration;
			buildSettings = {
				ALWAYS_SEARCH_USER_PATHS = NO;
				CLANG_ANALYZER_NONNULL = YES;
				CLANG_ANALYZER_NUMBER_OBJECT_CONVERSION = YES_AGGRESSIVE;
				CLANG_CXX_LANGUAGE_STANDARD = "gnu++17";
				CLANG_CXX_LIBRARY = "libc++";
				CLANG_ENABLE_MODULES = YES;
				CLANG_ENABLE_OBJC_ARC = YES;
				CLANG_ENABLE_OBJC_WEAK = YES;
				CLANG_WARN_BLOCK_CAPTURE_AUTORELEASING = YES;
				CLANG_WARN_BOOL_CONVERSION = YES;
				CLANG_WARN_COMMA = YES;
				CLANG_WARN_CONSTANT_CONVERSION = YES;
				CLANG_WARN_DEPRECATED_OBJC_IMPLEMENTATIONS = YES;
				CLANG_WARN_DIRECT_OBJC_ISA_USAGE = YES_ERROR;
				CLANG_WARN_DOCUMENTATION_COMMENTS = YES;
				CLANG_WARN_EMPTY_BODY = YES;
				CLANG_WARN_ENUM_CONVERSION = YES;
				CLANG_WARN_INFINITE_RECURSION = YES;
				CLANG_WARN_INT_CONVERSION = YES;
				CLANG_WARN_NON_LITERAL_NULL_CONVERSION = YES;
				CLANG_WARN_OBJC_IMPLICIT_RETAIN_SELF = YES;
				CLANG_WARN_OBJC_LITERAL_CONVERSION = YES;
				CLANG_WARN_OBJC_ROOT_CLASS = YES_ERROR;
				CLANG_WARN_QUOTED_INCLUDE_IN_FRAMEWORK_HEADER = YES;
				CLANG_WARN_RANGE_LOOP_ANALYSIS = YES;
				CLANG_WARN_STRICT_PROTOTYPES = YES;
				CLANG_WARN_SUSPICIOUS_MOVE = YES;
				CLANG_WARN_UNGUARDED_AVAILABILITY = YES_AGGRESSIVE;
				CLANG_WARN_UNREACHABLE_CODE = YES;
				CLANG_WARN__DUPLICATE_METHOD_MATCH = YES;
				COPY_PHASE_STRIP = NO;
				DEBUG_INFORMATION_FORMAT = "dwarf-with-dsym";
				ENABLE_NS_ASSERTIONS = NO;
				ENABLE_STRICT_OBJC_MSGSEND = YES;
				GCC_C_LANGUAGE_STANDARD = gnu11;
				GCC_NO_COMMON_BLOCKS = YES;
				GCC_WARN_64_TO_32_BIT_CONVERSION = YES;
				GCC_WARN_ABOUT_RETURN_TYPE = YES_ERROR;
				GCC_WARN_UNDECLARED_SELECTOR = YES;
				GCC_WARN_UNINITIALIZED_AUTOS = YES_AGGRESSIVE;
				GCC_WARN_UNUSED_FUNCTION = YES;
				GCC_WARN_UNUSED_VARIABLE = YES;
				IPHONEOS_DEPLOYMENT_TARGET = 13.0;
				MTL_ENABLE_DEBUG_INFO = NO;
				MTL_FAST_MATH = YES;
				SDKROOT = iphoneos;
				SWIFT_COMPILATION_MODE = wholemodule;
				SWIFT_OPTIMIZATION_LEVEL = "-O";
				VALIDATE_PRODUCT = YES;
			};
			name = Release;
		};
		E1236B33289D06F2006865E7 /* Debug */ = {
			isa = XCBuildConfiguration;
			buildSettings = {
				ASSETCATALOG_COMPILER_APPICON_NAME = AppIcon;
				ASSETCATALOG_COMPILER_GLOBAL_ACCENT_COLOR_NAME = AccentColor;
				CODE_SIGN_STYLE = Automatic;
				CURRENT_PROJECT_VERSION = 1;
				DEVELOPMENT_TEAM = Q9788GD6N7;
				GENERATE_INFOPLIST_FILE = YES;
				INFOPLIST_FILE = "Weather-Test-App/Info.plist";
				INFOPLIST_KEY_NSLocationAlwaysAndWhenInUseUsageDescription = 1;
				INFOPLIST_KEY_NSLocationAlwaysUsageDescription = 2;
				INFOPLIST_KEY_NSLocationUsageDescription = 3;
				INFOPLIST_KEY_NSLocationWhenInUseUsageDescription = "You don't have to enter your location manually to get the local weather forecast.";
				INFOPLIST_KEY_UIApplicationSupportsIndirectInputEvents = YES;
				INFOPLIST_KEY_UILaunchStoryboardName = LaunchScreen;
				INFOPLIST_KEY_UISupportedInterfaceOrientations = UIInterfaceOrientationPortrait;
				INFOPLIST_KEY_UISupportedInterfaceOrientations_iPhone = UIInterfaceOrientationPortrait;
				IPHONEOS_DEPLOYMENT_TARGET = 13.0;
				LD_RUNPATH_SEARCH_PATHS = (
					"$(inherited)",
					"@executable_path/Frameworks",
				);
				MARKETING_VERSION = 1.0;
				PRODUCT_BUNDLE_IDENTIFIER = "cassetta.Weather-Test-App";
				PRODUCT_NAME = "$(TARGET_NAME)";
				SWIFT_EMIT_LOC_STRINGS = YES;
				SWIFT_VERSION = 5.0;
				TARGETED_DEVICE_FAMILY = "1,2";
			};
			name = Debug;
		};
		E1236B34289D06F2006865E7 /* Release */ = {
			isa = XCBuildConfiguration;
			buildSettings = {
				ASSETCATALOG_COMPILER_APPICON_NAME = AppIcon;
				ASSETCATALOG_COMPILER_GLOBAL_ACCENT_COLOR_NAME = AccentColor;
				CODE_SIGN_STYLE = Automatic;
				CURRENT_PROJECT_VERSION = 1;
				DEVELOPMENT_TEAM = Q9788GD6N7;
				GENERATE_INFOPLIST_FILE = YES;
				INFOPLIST_FILE = "Weather-Test-App/Info.plist";
				INFOPLIST_KEY_NSLocationAlwaysAndWhenInUseUsageDescription = 1;
				INFOPLIST_KEY_NSLocationAlwaysUsageDescription = 2;
				INFOPLIST_KEY_NSLocationUsageDescription = 3;
				INFOPLIST_KEY_NSLocationWhenInUseUsageDescription = "You don't have to enter your location manually to get the local weather forecast.";
				INFOPLIST_KEY_UIApplicationSupportsIndirectInputEvents = YES;
				INFOPLIST_KEY_UILaunchStoryboardName = LaunchScreen;
				INFOPLIST_KEY_UISupportedInterfaceOrientations = UIInterfaceOrientationPortrait;
				INFOPLIST_KEY_UISupportedInterfaceOrientations_iPhone = UIInterfaceOrientationPortrait;
				IPHONEOS_DEPLOYMENT_TARGET = 13.0;
				LD_RUNPATH_SEARCH_PATHS = (
					"$(inherited)",
					"@executable_path/Frameworks",
				);
				MARKETING_VERSION = 1.0;
				PRODUCT_BUNDLE_IDENTIFIER = "cassetta.Weather-Test-App";
				PRODUCT_NAME = "$(TARGET_NAME)";
				SWIFT_EMIT_LOC_STRINGS = YES;
				SWIFT_VERSION = 5.0;
				TARGETED_DEVICE_FAMILY = "1,2";
			};
			name = Release;
		};
/* End XCBuildConfiguration section */

/* Begin XCConfigurationList section */
		E1236B19289D06ED006865E7 /* Build configuration list for PBXProject "Weather-Test-App" */ = {
			isa = XCConfigurationList;
			buildConfigurations = (
				E1236B30289D06F2006865E7 /* Debug */,
				E1236B31289D06F2006865E7 /* Release */,
			);
			defaultConfigurationIsVisible = 0;
			defaultConfigurationName = Release;
		};
		E1236B32289D06F2006865E7 /* Build configuration list for PBXNativeTarget "Weather-Test-App" */ = {
			isa = XCConfigurationList;
			buildConfigurations = (
				E1236B33289D06F2006865E7 /* Debug */,
				E1236B34289D06F2006865E7 /* Release */,
			);
			defaultConfigurationIsVisible = 0;
			defaultConfigurationName = Release;
		};
/* End XCConfigurationList section */

/* Begin XCRemoteSwiftPackageReference section */
		E148D96D28A2D2F000505432 /* XCRemoteSwiftPackageReference "realm-swift" */ = {
			isa = XCRemoteSwiftPackageReference;
			repositoryURL = "https://github.com/realm/realm-swift.git";
			requirement = {
				kind = upToNextMajorVersion;
				minimumVersion = 10.28.4;
			};
		};
/* End XCRemoteSwiftPackageReference section */

/* Begin XCSwiftPackageProductDependency section */
		E148D96E28A2D2F000505432 /* Realm */ = {
			isa = XCSwiftPackageProductDependency;
			package = E148D96D28A2D2F000505432 /* XCRemoteSwiftPackageReference "realm-swift" */;
			productName = Realm;
		};
		E148D97028A2D2F000505432 /* RealmSwift */ = {
			isa = XCSwiftPackageProductDependency;
			package = E148D96D28A2D2F000505432 /* XCRemoteSwiftPackageReference "realm-swift" */;
			productName = RealmSwift;
		};
/* End XCSwiftPackageProductDependency section */
	};
	rootObject = E1236B16289D06ED006865E7 /* Project object */;
}
